
Microsoft Visual Studio Solution File, Format Version 12.00
# Visual Studio Version 17
VisualStudioVersion = 17.4.33213.308
MinimumVisualStudioVersion = 10.0.40219.1
Project("{9A19103F-16F7-4668-BE54-9A1E7A4F7556}") = "DoorMonitorSystem", "DoorMonitorSystem.csproj", "{B84F7D72-C9C5-4A62-8E55-A5A2F66BEADE}"
EndProject
Project("{FAE04EC0-301F-11D3-BF4B-00C04F79EFBC}") = "ControlLibrary", "..\ControlLibrary\ControlLibrary.csproj", "{31FF1A18-36CC-4BFC-BDC2-93BEEAA1CC03}"
EndProject
Project("{FAE04EC0-301F-11D3-BF4B-00C04F79EFBC}") = "Base", "..\Base\Base.csproj", "{C7BBFB1A-7510-4B04-AEA4-5600BFA59801}"
EndProject
Project("{FAE04EC0-301F-11D3-BF4B-00C04F79EFBC}") = "Communicationlib", "..\Communicationlib\Communicationlib.csproj", "{CD7D906B-0D87-474A-B326-13DDFB379093}"
EndProject
Global
	GlobalSection(SolutionConfigurationPlatforms) = preSolution
		Debug|Any CPU = Debug|Any CPU
		Release|Any CPU = Release|Any CPU
	EndGlobalSection
	GlobalSection(ProjectConfigurationPlatforms) = postSolution
		{B84F7D72-C9C5-4A62-8E55-A5A2F66BEADE}.Debug|Any CPU.ActiveCfg = Debug|Any CPU
		{B84F7D72-C9C5-4A62-8E55-A5A2F66BEADE}.Debug|Any CPU.Build.0 = Debug|Any CPU
		{B84F7D72-C9C5-4A62-8E55-A5A2F66BEADE}.Release|Any CPU.ActiveCfg = Release|Any CPU
		{B84F7D72-C9C5-4A62-8E55-A5A2F66BEADE}.Release|Any CPU.Build.0 = Release|Any CPU
		{31FF1A18-36CC-4BFC-BDC2-93BEEAA1CC03}.Debug|Any CPU.ActiveCfg = Debug|Any CPU
		{31FF1A18-36CC-4BFC-BDC2-93BEEAA1CC03}.Debug|Any CPU.Build.0 = Debug|Any CPU
		{31FF1A18-36CC-4BFC-BDC2-93BEEAA1CC03}.Release|Any CPU.ActiveCfg = Release|Any CPU
		{31FF1A18-36CC-4BFC-BDC2-93BEEAA1CC03}.Release|Any CPU.Build.0 = Release|Any CPU
		{C7BBFB1A-7510-4B04-AEA4-5600BFA59801}.Debug|Any CPU.ActiveCfg = Debug|Any CPU
		{C7BBFB1A-7510-4B04-AEA4-5600BFA59801}.Debug|Any CPU.Build.0 = Debug|Any CPU
		{C7BBFB1A-7510-4B04-AEA4-5600BFA59801}.Release|Any CPU.ActiveCfg = Release|Any CPU
		{C7BBFB1A-7510-4B04-AEA4-5600BFA59801}.Release|Any CPU.Build.0 = Release|Any CPU
		{CD7D906B-0D87-474A-B326-13DDFB379093}.Debug|Any CPU.ActiveCfg = Debug|Any CPU
		{CD7D906B-0D87-474A-B326-13DDFB379093}.Debug|Any CPU.Build.0 = Debug|Any CPU
		{CD7D906B-0D87-474A-B326-13DDFB379093}.Release|Any CPU.ActiveCfg = Release|Any CPU
		{CD7D906B-0D87-474A-B326-13DDFB379093}.Release|Any CPU.Build.0 = Release|Any CPU
	EndGlobalSection
	GlobalSection(SolutionProperties) = preSolution
		HideSolutionNode = FALSE
	EndGlobalSection
	GlobalSection(ExtensibilityGlobals) = postSolution
		SolutionGuid = {1234CB35-0F8C-4BF4-9A8B-B0985B821252}
	EndGlobalSection
EndGlobal
